
Microsoft Visual Studio Solution File, Format Version 12.00
# Visual Studio Version 16
VisualStudioVersion = 16.0.30717.126
MinimumVisualStudioVersion = 10.0.40219.1
Project("{9A19103F-16F7-4668-BE54-9A1E7A4F7556}") = "HighConfidenceAlignmentBlocks", "HighConfidenceAlignmentBlocks.csproj", "{76158314-C6FA-473D-8CDE-19023FF7826C}"
EndProject
Project("{FAE04EC0-301F-11D3-BF4B-00C04F79EFBC}") = "CodedAlignmentConverter", "..\CodedAlignmentConverter\CodedAlignmentConverter.csproj", "{DB119BCF-2029-47E3-994E-DE6CCBDA69DB}"
EndProject
Global
	GlobalSection(SolutionConfigurationPlatforms) = preSolution
		Debug|Any CPU = Debug|Any CPU
		Release|Any CPU = Release|Any CPU
	EndGlobalSection
	GlobalSection(ProjectConfigurationPlatforms) = postSolution
		{76158314-C6FA-473D-8CDE-19023FF7826C}.Debug|Any CPU.ActiveCfg = Debug|Any CPU
		{76158314-C6FA-473D-8CDE-19023FF7826C}.Debug|Any CPU.Build.0 = Debug|Any CPU
		{76158314-C6FA-473D-8CDE-19023FF7826C}.Release|Any CPU.ActiveCfg = Release|Any CPU
		{76158314-C6FA-473D-8CDE-19023FF7826C}.Release|Any CPU.Build.0 = Release|Any CPU
		{DB119BCF-2029-47E3-994E-DE6CCBDA69DB}.Debug|Any CPU.ActiveCfg = Debug|Any CPU
		{DB119BCF-2029-47E3-994E-DE6CCBDA69DB}.Debug|Any CPU.Build.0 = Debug|Any CPU
		{DB119BCF-2029-47E3-994E-DE6CCBDA69DB}.Release|Any CPU.ActiveCfg = Release|Any CPU
		{DB119BCF-2029-47E3-994E-DE6CCBDA69DB}.Release|Any CPU.Build.0 = Release|Any CPU
	EndGlobalSection
	GlobalSection(SolutionProperties) = preSolution
		HideSolutionNode = FALSE
	EndGlobalSection
	GlobalSection(ExtensibilityGlobals) = postSolution
		SolutionGuid = {6A54E649-BC3C-4746-A83B-7B785593F55D}
	EndGlobalSection
EndGlobal
